
Microsoft Visual Studio Solution File, Format Version 12.00
# Visual Studio Version 17
VisualStudioVersion = 17.0.31903.59
MinimumVisualStudioVersion = 10.0.40219.1
Project("{2150E333-8FDC-42A3-9474-1A3956D46DE8}") = "src", "src", "{400CEE17-D05E-4069-AF03-4F5347FFD643}"
EndProject
Project("{FAE04EC0-301F-11D3-BF4B-00C04F79EFBC}") = "CGI.LeadTracker.Domain", "src\CGI.LeadTracker.Domain\CGI.LeadTracker.Domain.csproj", "{0B8972E4-35E8-4AD1-B5DD-9D15D0D0765C}"
EndProject
Project("{FAE04EC0-301F-11D3-BF4B-00C04F79EFBC}") = "CGI.LeadTracker.Infrastructure", "src\CGI.LeadTracker.Infrastructure\CGI.LeadTracker.Infrastructure.csproj", "{D23DD837-6799-4043-B01A-CD38EBFE131E}"
EndProject
Project("{FAE04EC0-301F-11D3-BF4B-00C04F79EFBC}") = "CGI.LeadTracker.API", "src\CGI.LeadTracker.API\CGI.LeadTracker.API.csproj", "{5EF085B1-189F-47D5-AE79-3B3B4BD6BA4A}"
EndProject
Global
	GlobalSection(SolutionConfigurationPlatforms) = preSolution
		Debug|Any CPU = Debug|Any CPU
		Release|Any CPU = Release|Any CPU
	EndGlobalSection
	GlobalSection(SolutionProperties) = preSolution
		HideSolutionNode = FALSE
	EndGlobalSection
	GlobalSection(ProjectConfigurationPlatforms) = postSolution
		{0B8972E4-35E8-4AD1-B5DD-9D15D0D0765C}.Debug|Any CPU.ActiveCfg = Debug|Any CPU
		{0B8972E4-35E8-4AD1-B5DD-9D15D0D0765C}.Debug|Any CPU.Build.0 = Debug|Any CPU
		{0B8972E4-35E8-4AD1-B5DD-9D15D0D0765C}.Release|Any CPU.ActiveCfg = Release|Any CPU
		{0B8972E4-35E8-4AD1-B5DD-9D15D0D0765C}.Release|Any CPU.Build.0 = Release|Any CPU
		{D23DD837-6799-4043-B01A-CD38EBFE131E}.Debug|Any CPU.ActiveCfg = Debug|Any CPU
		{D23DD837-6799-4043-B01A-CD38EBFE131E}.Debug|Any CPU.Build.0 = Debug|Any CPU
		{D23DD837-6799-4043-B01A-CD38EBFE131E}.Release|Any CPU.ActiveCfg = Release|Any CPU
		{D23DD837-6799-4043-B01A-CD38EBFE131E}.Release|Any CPU.Build.0 = Release|Any CPU
		{5EF085B1-189F-47D5-AE79-3B3B4BD6BA4A}.Debug|Any CPU.ActiveCfg = Debug|Any CPU
		{5EF085B1-189F-47D5-AE79-3B3B4BD6BA4A}.Debug|Any CPU.Build.0 = Debug|Any CPU
		{5EF085B1-189F-47D5-AE79-3B3B4BD6BA4A}.Release|Any CPU.ActiveCfg = Release|Any CPU
		{5EF085B1-189F-47D5-AE79-3B3B4BD6BA4A}.Release|Any CPU.Build.0 = Release|Any CPU
	EndGlobalSection
	GlobalSection(NestedProjects) = preSolution
		{0B8972E4-35E8-4AD1-B5DD-9D15D0D0765C} = {400CEE17-D05E-4069-AF03-4F5347FFD643}
		{D23DD837-6799-4043-B01A-CD38EBFE131E} = {400CEE17-D05E-4069-AF03-4F5347FFD643}
		{5EF085B1-189F-47D5-AE79-3B3B4BD6BA4A} = {400CEE17-D05E-4069-AF03-4F5347FFD643}
	EndGlobalSection
EndGlobal
